// !$*UTF8*$!
{
	archiveVersion = 1;
	classes = {
	};
	objectVersion = 46;
	objects = {

/* Begin PBXBuildFile section */
		A602EC341BB443DC00D3E79D /* sea_01.jpg in Resources */ = {isa = PBXBuildFile; fileRef = A602EC301BB443DC00D3E79D /* sea_01.jpg */; settings = {ASSET_TAGS = (); }; };
		A602EC351BB443DC00D3E79D /* sea_02.jpg in Resources */ = {isa = PBXBuildFile; fileRef = A602EC311BB443DC00D3E79D /* sea_02.jpg */; settings = {ASSET_TAGS = (); }; };
		A602EC361BB443DC00D3E79D /* sea_03.jpg in Resources */ = {isa = PBXBuildFile; fileRef = A602EC321BB443DC00D3E79D /* sea_03.jpg */; settings = {ASSET_TAGS = (); }; };
		A602EC371BB443DC00D3E79D /* sea_04.jpg in Resources */ = {isa = PBXBuildFile; fileRef = A602EC331BB443DC00D3E79D /* sea_04.jpg */; settings = {ASSET_TAGS = (); }; };
		A602EC3B1BB452D700D3E79D /* ship.png in Resources */ = {isa = PBXBuildFile; fileRef = A602EC3A1BB452D700D3E79D /* ship.png */; settings = {ASSET_TAGS = (); }; };
		A602EC3D1BB4548900D3E79D /* sailboat.png in Resources */ = {isa = PBXBuildFile; fileRef = A602EC3C1BB4548900D3E79D /* sailboat.png */; settings = {ASSET_TAGS = (); }; };
		A607E3E11BAB23FB006D64E8 /* ChessView.m in Sources */ = {isa = PBXBuildFile; fileRef = A607E3E01BAB23FB006D64E8 /* ChessView.m */; };
		A62670811BA5B95F00ADD7C6 /* CampFire.m in Sources */ = {isa = PBXBuildFile; fileRef = A62670801BA5B95F00ADD7C6 /* CampFire.m */; };
		A62670A31BA5BA3200ADD7C6 /* campFire01.gif in Resources */ = {isa = PBXBuildFile; fileRef = A62670921BA5BA3200ADD7C6 /* campFire01.gif */; };
		A62670A41BA5BA3200ADD7C6 /* campFire02.gif in Resources */ = {isa = PBXBuildFile; fileRef = A62670931BA5BA3200ADD7C6 /* campFire02.gif */; };
		A62670A51BA5BA3200ADD7C6 /* campFire03.gif in Resources */ = {isa = PBXBuildFile; fileRef = A62670941BA5BA3200ADD7C6 /* campFire03.gif */; };
		A62670A61BA5BA3200ADD7C6 /* campFire04.gif in Resources */ = {isa = PBXBuildFile; fileRef = A62670951BA5BA3200ADD7C6 /* campFire04.gif */; };
		A62670A71BA5BA3200ADD7C6 /* campFire05.gif in Resources */ = {isa = PBXBuildFile; fileRef = A62670961BA5BA3200ADD7C6 /* campFire05.gif */; };
		A62670A81BA5BA3200ADD7C6 /* campFire06.gif in Resources */ = {isa = PBXBuildFile; fileRef = A62670971BA5BA3200ADD7C6 /* campFire06.gif */; };
		A62670A91BA5BA3200ADD7C6 /* campFire07.gif in Resources */ = {isa = PBXBuildFile; fileRef = A62670981BA5BA3200ADD7C6 /* campFire07.gif */; };
		A62670AA1BA5BA3200ADD7C6 /* campFire08.gif in Resources */ = {isa = PBXBuildFile; fileRef = A62670991BA5BA3200ADD7C6 /* campFire08.gif */; };
		A62670AB1BA5BA3200ADD7C6 /* campFire09.gif in Resources */ = {isa = PBXBuildFile; fileRef = A626709A1BA5BA3200ADD7C6 /* campFire09.gif */; };
		A62670AC1BA5BA3200ADD7C6 /* campFire10.gif in Resources */ = {isa = PBXBuildFile; fileRef = A626709B1BA5BA3200ADD7C6 /* campFire10.gif */; };
		A62670AD1BA5BA3200ADD7C6 /* campFire11.gif in Resources */ = {isa = PBXBuildFile; fileRef = A626709C1BA5BA3200ADD7C6 /* campFire11.gif */; };
		A62670AE1BA5BA3200ADD7C6 /* campFire12.gif in Resources */ = {isa = PBXBuildFile; fileRef = A626709D1BA5BA3200ADD7C6 /* campFire12.gif */; };
		A62670AF1BA5BA3200ADD7C6 /* campFire13.gif in Resources */ = {isa = PBXBuildFile; fileRef = A626709E1BA5BA3200ADD7C6 /* campFire13.gif */; };
		A62670B01BA5BA3200ADD7C6 /* campFire14.gif in Resources */ = {isa = PBXBuildFile; fileRef = A626709F1BA5BA3200ADD7C6 /* campFire14.gif */; };
		A62670B11BA5BA3200ADD7C6 /* campFire15.gif in Resources */ = {isa = PBXBuildFile; fileRef = A62670A01BA5BA3200ADD7C6 /* campFire15.gif */; };
		A62670B21BA5BA3200ADD7C6 /* campFire16.gif in Resources */ = {isa = PBXBuildFile; fileRef = A62670A11BA5BA3200ADD7C6 /* campFire16.gif */; };
		A62670B31BA5BA3200ADD7C6 /* campFire17.gif in Resources */ = {isa = PBXBuildFile; fileRef = A62670A21BA5BA3200ADD7C6 /* campFire17.gif */; };
		A63478441BA716BA003E65F6 /* BasicView.m in Sources */ = {isa = PBXBuildFile; fileRef = A63478421BA716BA003E65F6 /* BasicView.m */; };
		A63478451BA716BA003E65F6 /* BasicView.xib in Resources */ = {isa = PBXBuildFile; fileRef = A63478431BA716BA003E65F6 /* BasicView.xib */; };
		A65BE7BD1BB59CDF00712556 /* sharazan.mp3 in Resources */ = {isa = PBXBuildFile; fileRef = A65BE7BC1BB59CDF00712556 /* sharazan.mp3 */; settings = {ASSET_TAGS = (); }; };
		A6694FA61BAF01710020D960 /* NestedSquare.m in Sources */ = {isa = PBXBuildFile; fileRef = A6694FA51BAF01710020D960 /* NestedSquare.m */; };
		A66C55AA1BA3305700361426 /* main.m in Sources */ = {isa = PBXBuildFile; fileRef = A66C55A91BA3305700361426 /* main.m */; };
		A66C55B51BA3305700361426 /* Images.xcassets in Resources */ = {isa = PBXBuildFile; fileRef = A66C55B41BA3305700361426 /* Images.xcassets */; };
		A66C55B81BA3305700361426 /* LaunchScreen.xib in Resources */ = {isa = PBXBuildFile; fileRef = A66C55B61BA3305700361426 /* LaunchScreen.xib */; };
		A66C55D61BA3321100361426 /* AppDelegate.m in Sources */ = {isa = PBXBuildFile; fileRef = A66C55D11BA3321100361426 /* AppDelegate.m */; };
		A66C55D71BA3321100361426 /* BootLogic.m in Sources */ = {isa = PBXBuildFile; fileRef = A66C55D31BA3321100361426 /* BootLogic.m */; };
		A66C55D81BA3321100361426 /* ConsoleScreen.m in Sources */ = {isa = PBXBuildFile; fileRef = A66C55D51BA3321100361426 /* ConsoleScreen.m */; };
		A66C55DB1BA332B300361426 /* MainScreen.m in Sources */ = {isa = PBXBuildFile; fileRef = A66C55DA1BA332B300361426 /* MainScreen.m */; };
		A6ABF4F51BB2ECB40074342F /* FlyingBird.m in Sources */ = {isa = PBXBuildFile; fileRef = A6ABF4F41BB2ECB40074342F /* FlyingBird.m */; };
		A6ABF4FE1BB2ECDA0074342F /* bird0.png in Resources */ = {isa = PBXBuildFile; fileRef = A6ABF4F71BB2ECDA0074342F /* bird0.png */; };
		A6ABF4FF1BB2ECDA0074342F /* bird1.png in Resources */ = {isa = PBXBuildFile; fileRef = A6ABF4F81BB2ECDA0074342F /* bird1.png */; };
		A6ABF5001BB2ECDA0074342F /* bird2.png in Resources */ = {isa = PBXBuildFile; fileRef = A6ABF4F91BB2ECDA0074342F /* bird2.png */; };
		A6ABF5011BB2ECDA0074342F /* bird3.png in Resources */ = {isa = PBXBuildFile; fileRef = A6ABF4FA1BB2ECDA0074342F /* bird3.png */; };
		A6ABF5021BB2ECDA0074342F /* bird4.png in Resources */ = {isa = PBXBuildFile; fileRef = A6ABF4FB1BB2ECDA0074342F /* bird4.png */; };
		A6ABF5031BB2ECDA0074342F /* bird5.png in Resources */ = {isa = PBXBuildFile; fileRef = A6ABF4FC1BB2ECDA0074342F /* bird5.png */; };
		A6ABF5041BB2ECDA0074342F /* jungle.jpg in Resources */ = {isa = PBXBuildFile; fileRef = A6ABF4FD1BB2ECDA0074342F /* jungle.jpg */; };
		A6E7ABE61BB837D6008A8EC3 /* StarField.m in Sources */ = {isa = PBXBuildFile; fileRef = A6E7ABE51BB837D6008A8EC3 /* StarField.m */; settings = {ASSET_TAGS = (); }; };
		A6E7ABEB1BB837F1008A8EC3 /* brown.png in Resources */ = {isa = PBXBuildFile; fileRef = A6E7ABE71BB837F1008A8EC3 /* brown.png */; settings = {ASSET_TAGS = (); }; };
		A6E7ABEC1BB837F1008A8EC3 /* green.png in Resources */ = {isa = PBXBuildFile; fileRef = A6E7ABE81BB837F1008A8EC3 /* green.png */; settings = {ASSET_TAGS = (); }; };
		A6E7ABED1BB837F1008A8EC3 /* red.png in Resources */ = {isa = PBXBuildFile; fileRef = A6E7ABE91BB837F1008A8EC3 /* red.png */; settings = {ASSET_TAGS = (); }; };
		A6E7ABEE1BB837F1008A8EC3 /* violet.png in Resources */ = {isa = PBXBuildFile; fileRef = A6E7ABEA1BB837F1008A8EC3 /* violet.png */; settings = {ASSET_TAGS = (); }; };
		A6EB4D7D1BADC9AF00B5BCF4 /* reset_button.png in Resources */ = {isa = PBXBuildFile; fileRef = A6EB4D7C1BADC9AF00B5BCF4 /* reset_button.png */; };
		A6F1817A1BB3C5FA007262F2 /* SwingShip.m in Sources */ = {isa = PBXBuildFile; fileRef = A6F181791BB3C5FA007262F2 /* SwingShip.m */; settings = {ASSET_TAGS = (); }; };
/* End PBXBuildFile section */

/* Begin PBXFileReference section */
		A602EC301BB443DC00D3E79D /* sea_01.jpg */ = {isa = PBXFileReference; lastKnownFileType = image.jpeg; path = sea_01.jpg; sourceTree = "<group>"; };
		A602EC311BB443DC00D3E79D /* sea_02.jpg */ = {isa = PBXFileReference; lastKnownFileType = image.jpeg; path = sea_02.jpg; sourceTree = "<group>"; };
		A602EC321BB443DC00D3E79D /* sea_03.jpg */ = {isa = PBXFileReference; lastKnownFileType = image.jpeg; path = sea_03.jpg; sourceTree = "<group>"; };
		A602EC331BB443DC00D3E79D /* sea_04.jpg */ = {isa = PBXFileReference; lastKnownFileType = image.jpeg; path = sea_04.jpg; sourceTree = "<group>"; };
		A602EC3A1BB452D700D3E79D /* ship.png */ = {isa = PBXFileReference; lastKnownFileType = image.png; path = ship.png; sourceTree = "<group>"; };
		A602EC3C1BB4548900D3E79D /* sailboat.png */ = {isa = PBXFileReference; lastKnownFileType = image.png; path = sailboat.png; sourceTree = "<group>"; };
		A607E3DF1BAB23FB006D64E8 /* ChessView.h */ = {isa = PBXFileReference; fileEncoding = 4; lastKnownFileType = sourcecode.c.h; path = ChessView.h; sourceTree = "<group>"; };
		A607E3E01BAB23FB006D64E8 /* ChessView.m */ = {isa = PBXFileReference; fileEncoding = 4; lastKnownFileType = sourcecode.c.objc; path = ChessView.m; sourceTree = "<group>"; };
		A626707F1BA5B95F00ADD7C6 /* CampFire.h */ = {isa = PBXFileReference; fileEncoding = 4; lastKnownFileType = sourcecode.c.h; path = CampFire.h; sourceTree = "<group>"; };
		A62670801BA5B95F00ADD7C6 /* CampFire.m */ = {isa = PBXFileReference; fileEncoding = 4; lastKnownFileType = sourcecode.c.objc; path = CampFire.m; sourceTree = "<group>"; };
		A62670921BA5BA3200ADD7C6 /* campFire01.gif */ = {isa = PBXFileReference; lastKnownFileType = image.gif; path = campFire01.gif; sourceTree = "<group>"; };
		A62670931BA5BA3200ADD7C6 /* campFire02.gif */ = {isa = PBXFileReference; lastKnownFileType = image.gif; path = campFire02.gif; sourceTree = "<group>"; };
		A62670941BA5BA3200ADD7C6 /* campFire03.gif */ = {isa = PBXFileReference; lastKnownFileType = image.gif; path = campFire03.gif; sourceTree = "<group>"; };
		A62670951BA5BA3200ADD7C6 /* campFire04.gif */ = {isa = PBXFileReference; lastKnownFileType = image.gif; path = campFire04.gif; sourceTree = "<group>"; };
		A62670961BA5BA3200ADD7C6 /* campFire05.gif */ = {isa = PBXFileReference; lastKnownFileType = image.gif; path = campFire05.gif; sourceTree = "<group>"; };
		A62670971BA5BA3200ADD7C6 /* campFire06.gif */ = {isa = PBXFileReference; lastKnownFileType = image.gif; path = campFire06.gif; sourceTree = "<group>"; };
		A62670981BA5BA3200ADD7C6 /* campFire07.gif */ = {isa = PBXFileReference; lastKnownFileType = image.gif; path = campFire07.gif; sourceTree = "<group>"; };
		A62670991BA5BA3200ADD7C6 /* campFire08.gif */ = {isa = PBXFileReference; lastKnownFileType = image.gif; path = campFire08.gif; sourceTree = "<group>"; };
		A626709A1BA5BA3200ADD7C6 /* campFire09.gif */ = {isa = PBXFileReference; lastKnownFileType = image.gif; path = campFire09.gif; sourceTree = "<group>"; };
		A626709B1BA5BA3200ADD7C6 /* campFire10.gif */ = {isa = PBXFileReference; lastKnownFileType = image.gif; path = campFire10.gif; sourceTree = "<group>"; };
		A626709C1BA5BA3200ADD7C6 /* campFire11.gif */ = {isa = PBXFileReference; lastKnownFileType = image.gif; path = campFire11.gif; sourceTree = "<group>"; };
		A626709D1BA5BA3200ADD7C6 /* campFire12.gif */ = {isa = PBXFileReference; lastKnownFileType = image.gif; path = campFire12.gif; sourceTree = "<group>"; };
		A626709E1BA5BA3200ADD7C6 /* campFire13.gif */ = {isa = PBXFileReference; lastKnownFileType = image.gif; path = campFire13.gif; sourceTree = "<group>"; };
		A626709F1BA5BA3200ADD7C6 /* campFire14.gif */ = {isa = PBXFileReference; lastKnownFileType = image.gif; path = campFire14.gif; sourceTree = "<group>"; };
		A62670A01BA5BA3200ADD7C6 /* campFire15.gif */ = {isa = PBXFileReference; lastKnownFileType = image.gif; path = campFire15.gif; sourceTree = "<group>"; };
		A62670A11BA5BA3200ADD7C6 /* campFire16.gif */ = {isa = PBXFileReference; lastKnownFileType = image.gif; path = campFire16.gif; sourceTree = "<group>"; };
		A62670A21BA5BA3200ADD7C6 /* campFire17.gif */ = {isa = PBXFileReference; lastKnownFileType = image.gif; path = campFire17.gif; sourceTree = "<group>"; };
		A63478411BA716BA003E65F6 /* BasicView.h */ = {isa = PBXFileReference; fileEncoding = 4; lastKnownFileType = sourcecode.c.h; path = BasicView.h; sourceTree = "<group>"; };
		A63478421BA716BA003E65F6 /* BasicView.m */ = {isa = PBXFileReference; fileEncoding = 4; lastKnownFileType = sourcecode.c.objc; path = BasicView.m; sourceTree = "<group>"; };
		A63478431BA716BA003E65F6 /* BasicView.xib */ = {isa = PBXFileReference; fileEncoding = 4; lastKnownFileType = file.xib; path = BasicView.xib; sourceTree = "<group>"; };
		A65BE7BC1BB59CDF00712556 /* sharazan.mp3 */ = {isa = PBXFileReference; lastKnownFileType = audio.mp3; path = sharazan.mp3; sourceTree = "<group>"; };
		A6694FA41BAF01710020D960 /* NestedSquare.h */ = {isa = PBXFileReference; fileEncoding = 4; lastKnownFileType = sourcecode.c.h; path = NestedSquare.h; sourceTree = "<group>"; };
		A6694FA51BAF01710020D960 /* NestedSquare.m */ = {isa = PBXFileReference; fileEncoding = 4; lastKnownFileType = sourcecode.c.objc; path = NestedSquare.m; sourceTree = "<group>"; };
		A66C55A41BA3305700361426 /* AdvancedUIView.app */ = {isa = PBXFileReference; explicitFileType = wrapper.application; includeInIndex = 0; path = AdvancedUIView.app; sourceTree = BUILT_PRODUCTS_DIR; };
		A66C55A81BA3305700361426 /* Info.plist */ = {isa = PBXFileReference; lastKnownFileType = text.plist.xml; path = Info.plist; sourceTree = "<group>"; };
		A66C55A91BA3305700361426 /* main.m */ = {isa = PBXFileReference; lastKnownFileType = sourcecode.c.objc; path = main.m; sourceTree = "<group>"; };
		A66C55B41BA3305700361426 /* Images.xcassets */ = {isa = PBXFileReference; lastKnownFileType = folder.assetcatalog; path = Images.xcassets; sourceTree = "<group>"; };
		A66C55B71BA3305700361426 /* Base */ = {isa = PBXFileReference; lastKnownFileType = file.xib; name = Base; path = Base.lproj/LaunchScreen.xib; sourceTree = "<group>"; };
		A66C55D01BA3321100361426 /* AppDelegate.h */ = {isa = PBXFileReference; fileEncoding = 4; lastKnownFileType = sourcecode.c.h; path = AppDelegate.h; sourceTree = "<group>"; };
		A66C55D11BA3321100361426 /* AppDelegate.m */ = {isa = PBXFileReference; fileEncoding = 4; lastKnownFileType = sourcecode.c.objc; path = AppDelegate.m; sourceTree = "<group>"; };
		A66C55D21BA3321100361426 /* BootLogic.h */ = {isa = PBXFileReference; fileEncoding = 4; lastKnownFileType = sourcecode.c.h; path = BootLogic.h; sourceTree = "<group>"; };
		A66C55D31BA3321100361426 /* BootLogic.m */ = {isa = PBXFileReference; fileEncoding = 4; lastKnownFileType = sourcecode.c.objc; path = BootLogic.m; sourceTree = "<group>"; };
		A66C55D41BA3321100361426 /* ConsoleScreen.h */ = {isa = PBXFileReference; fileEncoding = 4; lastKnownFileType = sourcecode.c.h; path = ConsoleScreen.h; sourceTree = "<group>"; };
		A66C55D51BA3321100361426 /* ConsoleScreen.m */ = {isa = PBXFileReference; fileEncoding = 4; lastKnownFileType = sourcecode.c.objc; path = ConsoleScreen.m; sourceTree = "<group>"; };
		A66C55D91BA332B300361426 /* MainScreen.h */ = {isa = PBXFileReference; fileEncoding = 4; lastKnownFileType = sourcecode.c.h; path = MainScreen.h; sourceTree = "<group>"; };
		A66C55DA1BA332B300361426 /* MainScreen.m */ = {isa = PBXFileReference; fileEncoding = 4; lastKnownFileType = sourcecode.c.objc; path = MainScreen.m; sourceTree = "<group>"; };
		A6ABF4F31BB2ECB40074342F /* FlyingBird.h */ = {isa = PBXFileReference; fileEncoding = 4; lastKnownFileType = sourcecode.c.h; path = FlyingBird.h; sourceTree = "<group>"; };
		A6ABF4F41BB2ECB40074342F /* FlyingBird.m */ = {isa = PBXFileReference; fileEncoding = 4; lastKnownFileType = sourcecode.c.objc; path = FlyingBird.m; sourceTree = "<group>"; };
		A6ABF4F71BB2ECDA0074342F /* bird0.png */ = {isa = PBXFileReference; lastKnownFileType = image.png; path = bird0.png; sourceTree = "<group>"; };
		A6ABF4F81BB2ECDA0074342F /* bird1.png */ = {isa = PBXFileReference; lastKnownFileType = image.png; path = bird1.png; sourceTree = "<group>"; };
		A6ABF4F91BB2ECDA0074342F /* bird2.png */ = {isa = PBXFileReference; lastKnownFileType = image.png; path = bird2.png; sourceTree = "<group>"; };
		A6ABF4FA1BB2ECDA0074342F /* bird3.png */ = {isa = PBXFileReference; lastKnownFileType = image.png; path = bird3.png; sourceTree = "<group>"; };
		A6ABF4FB1BB2ECDA0074342F /* bird4.png */ = {isa = PBXFileReference; lastKnownFileType = image.png; path = bird4.png; sourceTree = "<group>"; };
		A6ABF4FC1BB2ECDA0074342F /* bird5.png */ = {isa = PBXFileReference; lastKnownFileType = image.png; path = bird5.png; sourceTree = "<group>"; };
		A6ABF4FD1BB2ECDA0074342F /* jungle.jpg */ = {isa = PBXFileReference; lastKnownFileType = image.jpeg; path = jungle.jpg; sourceTree = "<group>"; };
		A6E7ABE41BB837D6008A8EC3 /* StarField.h */ = {isa = PBXFileReference; fileEncoding = 4; lastKnownFileType = sourcecode.c.h; path = StarField.h; sourceTree = "<group>"; };
		A6E7ABE51BB837D6008A8EC3 /* StarField.m */ = {isa = PBXFileReference; fileEncoding = 4; lastKnownFileType = sourcecode.c.objc; path = StarField.m; sourceTree = "<group>"; };
		A6E7ABE71BB837F1008A8EC3 /* brown.png */ = {isa = PBXFileReference; lastKnownFileType = image.png; path = brown.png; sourceTree = "<group>"; };
		A6E7ABE81BB837F1008A8EC3 /* green.png */ = {isa = PBXFileReference; lastKnownFileType = image.png; path = green.png; sourceTree = "<group>"; };
		A6E7ABE91BB837F1008A8EC3 /* red.png */ = {isa = PBXFileReference; lastKnownFileType = image.png; path = red.png; sourceTree = "<group>"; };
		A6E7ABEA1BB837F1008A8EC3 /* violet.png */ = {isa = PBXFileReference; lastKnownFileType = image.png; path = violet.png; sourceTree = "<group>"; };
		A6EB4D7C1BADC9AF00B5BCF4 /* reset_button.png */ = {isa = PBXFileReference; lastKnownFileType = image.png; path = reset_button.png; sourceTree = "<group>"; };
		A6F181781BB3C5FA007262F2 /* SwingShip.h */ = {isa = PBXFileReference; fileEncoding = 4; lastKnownFileType = sourcecode.c.h; path = SwingShip.h; sourceTree = "<group>"; };
		A6F181791BB3C5FA007262F2 /* SwingShip.m */ = {isa = PBXFileReference; fileEncoding = 4; lastKnownFileType = sourcecode.c.objc; path = SwingShip.m; sourceTree = "<group>"; };
/* End PBXFileReference section */

/* Begin PBXFrameworksBuildPhase section */
		A66C55A11BA3305700361426 /* Frameworks */ = {
			isa = PBXFrameworksBuildPhase;
			buildActionMask = 2147483647;
			files = (
			);
			runOnlyForDeploymentPostprocessing = 0;
		};
/* End PBXFrameworksBuildPhase section */

/* Begin PBXGroup section */
		A602EC2F1BB443B900D3E79D /* SwingShip */ = {
			isa = PBXGroup;
			children = (
				A65BE7BC1BB59CDF00712556 /* sharazan.mp3 */,
				A602EC3C1BB4548900D3E79D /* sailboat.png */,
				A602EC3A1BB452D700D3E79D /* ship.png */,
				A602EC301BB443DC00D3E79D /* sea_01.jpg */,
				A602EC311BB443DC00D3E79D /* sea_02.jpg */,
				A602EC321BB443DC00D3E79D /* sea_03.jpg */,
				A602EC331BB443DC00D3E79D /* sea_04.jpg */,
			);
			name = SwingShip;
			sourceTree = "<group>";
		};
		A626707E1BA5B89400ADD7C6 /* Basic */ = {
			isa = PBXGroup;
			children = (
				A626707F1BA5B95F00ADD7C6 /* CampFire.h */,
				A62670801BA5B95F00ADD7C6 /* CampFire.m */,
				A63478411BA716BA003E65F6 /* BasicView.h */,
				A63478421BA716BA003E65F6 /* BasicView.m */,
				A63478431BA716BA003E65F6 /* BasicView.xib */,
				A607E3DF1BAB23FB006D64E8 /* ChessView.h */,
				A607E3E01BAB23FB006D64E8 /* ChessView.m */,
				A6694FA41BAF01710020D960 /* NestedSquare.h */,
				A6694FA51BAF01710020D960 /* NestedSquare.m */,
				A6ABF4F31BB2ECB40074342F /* FlyingBird.h */,
				A6ABF4F41BB2ECB40074342F /* FlyingBird.m */,
				A6F181781BB3C5FA007262F2 /* SwingShip.h */,
				A6F181791BB3C5FA007262F2 /* SwingShip.m */,
				A6E7ABE41BB837D6008A8EC3 /* StarField.h */,
				A6E7ABE51BB837D6008A8EC3 /* StarField.m */,
			);
			name = Basic;
			sourceTree = "<group>";
		};
		A62670821BA5B9F900ADD7C6 /* Images */ = {
			isa = PBXGroup;
			children = (
				A6E7ABE31BB83793008A8EC3 /* Stars */,
				A602EC2F1BB443B900D3E79D /* SwingShip */,
				A6ABF4F61BB2ECBC0074342F /* FlyingBird */,
				A6EB4D771BADC01200B5BCF4 /* Basic */,
				A62670831BA5BA0600ADD7C6 /* Fire */,
			);
			name = Images;
			sourceTree = "<group>";
		};
		A62670831BA5BA0600ADD7C6 /* Fire */ = {
			isa = PBXGroup;
			children = (
				A62670921BA5BA3200ADD7C6 /* campFire01.gif */,
				A62670931BA5BA3200ADD7C6 /* campFire02.gif */,
				A62670941BA5BA3200ADD7C6 /* campFire03.gif */,
				A62670951BA5BA3200ADD7C6 /* campFire04.gif */,
				A62670961BA5BA3200ADD7C6 /* campFire05.gif */,
				A62670971BA5BA3200ADD7C6 /* campFire06.gif */,
				A62670981BA5BA3200ADD7C6 /* campFire07.gif */,
				A62670991BA5BA3200ADD7C6 /* campFire08.gif */,
				A626709A1BA5BA3200ADD7C6 /* campFire09.gif */,
				A626709B1BA5BA3200ADD7C6 /* campFire10.gif */,
				A626709C1BA5BA3200ADD7C6 /* campFire11.gif */,
				A626709D1BA5BA3200ADD7C6 /* campFire12.gif */,
				A626709E1BA5BA3200ADD7C6 /* campFire13.gif */,
				A626709F1BA5BA3200ADD7C6 /* campFire14.gif */,
				A62670A01BA5BA3200ADD7C6 /* campFire15.gif */,
				A62670A11BA5BA3200ADD7C6 /* campFire16.gif */,
				A62670A21BA5BA3200ADD7C6 /* campFire17.gif */,
			);
			name = Fire;
			sourceTree = "<group>";
		};
		A66C559B1BA3305700361426 = {
			isa = PBXGroup;
			children = (
				A62670821BA5B9F900ADD7C6 /* Images */,
				A626707E1BA5B89400ADD7C6 /* Basic */,
				A66C55CD1BA331C700361426 /* Core */,
				A66C55A61BA3305700361426 /* AdvancedUIView */,
				A66C55A51BA3305700361426 /* Products */,
			);
			sourceTree = "<group>";
		};
		A66C55A51BA3305700361426 /* Products */ = {
			isa = PBXGroup;
			children = (
				A66C55A41BA3305700361426 /* AdvancedUIView.app */,
			);
			name = Products;
			sourceTree = "<group>";
		};
		A66C55A61BA3305700361426 /* AdvancedUIView */ = {
			isa = PBXGroup;
			children = (
				A66C55B41BA3305700361426 /* Images.xcassets */,
				A66C55B61BA3305700361426 /* LaunchScreen.xib */,
				A66C55A71BA3305700361426 /* Supporting Files */,
			);
			path = AdvancedUIView;
			sourceTree = "<group>";
		};
		A66C55A71BA3305700361426 /* Supporting Files */ = {
			isa = PBXGroup;
			children = (
				A66C55A81BA3305700361426 /* Info.plist */,
				A66C55A91BA3305700361426 /* main.m */,
			);
			name = "Supporting Files";
			sourceTree = "<group>";
		};
		A66C55CD1BA331C700361426 /* Core */ = {
			isa = PBXGroup;
			children = (
				A66C55D91BA332B300361426 /* MainScreen.h */,
				A66C55DA1BA332B300361426 /* MainScreen.m */,
				A66C55D01BA3321100361426 /* AppDelegate.h */,
				A66C55D11BA3321100361426 /* AppDelegate.m */,
				A66C55D21BA3321100361426 /* BootLogic.h */,
				A66C55D31BA3321100361426 /* BootLogic.m */,
				A66C55D41BA3321100361426 /* ConsoleScreen.h */,
				A66C55D51BA3321100361426 /* ConsoleScreen.m */,
			);
			name = Core;
			sourceTree = "<group>";
		};
		A6ABF4F61BB2ECBC0074342F /* FlyingBird */ = {
			isa = PBXGroup;
			children = (
				A6ABF4F71BB2ECDA0074342F /* bird0.png */,
				A6ABF4F81BB2ECDA0074342F /* bird1.png */,
				A6ABF4F91BB2ECDA0074342F /* bird2.png */,
				A6ABF4FA1BB2ECDA0074342F /* bird3.png */,
				A6ABF4FB1BB2ECDA0074342F /* bird4.png */,
				A6ABF4FC1BB2ECDA0074342F /* bird5.png */,
				A6ABF4FD1BB2ECDA0074342F /* jungle.jpg */,
			);
			name = FlyingBird;
			sourceTree = "<group>";
		};
		A6E7ABE31BB83793008A8EC3 /* Stars */ = {
			isa = PBXGroup;
			children = (
				A6E7ABE71BB837F1008A8EC3 /* brown.png */,
				A6E7ABE81BB837F1008A8EC3 /* green.png */,
				A6E7ABE91BB837F1008A8EC3 /* red.png */,
				A6E7ABEA1BB837F1008A8EC3 /* violet.png */,
			);
			name = Stars;
			sourceTree = "<group>";
		};
		A6EB4D771BADC01200B5BCF4 /* Basic */ = {
			isa = PBXGroup;
			children = (
				A6EB4D7C1BADC9AF00B5BCF4 /* reset_button.png */,
			);
			name = Basic;
			sourceTree = "<group>";
		};
/* End PBXGroup section */

/* Begin PBXNativeTarget section */
		A66C55A31BA3305700361426 /* AdvancedUIView */ = {
			isa = PBXNativeTarget;
			buildConfigurationList = A66C55C71BA3305700361426 /* Build configuration list for PBXNativeTarget "AdvancedUIView" */;
			buildPhases = (
				A66C55A01BA3305700361426 /* Sources */,
				A66C55A11BA3305700361426 /* Frameworks */,
				A66C55A21BA3305700361426 /* Resources */,
			);
			buildRules = (
			);
			dependencies = (
			);
			name = AdvancedUIView;
			productName = AdvancedUIView;
			productReference = A66C55A41BA3305700361426 /* AdvancedUIView.app */;
			productType = "com.apple.product-type.application";
		};
/* End PBXNativeTarget section */

/* Begin PBXProject section */
		A66C559C1BA3305700361426 /* Project object */ = {
			isa = PBXProject;
			attributes = {
				LastUpgradeCheck = 0700;
				ORGANIZATIONNAME = duphungcong;
				TargetAttributes = {
					A66C55A31BA3305700361426 = {
						CreatedOnToolsVersion = 6.4;
					};
				};
			};
			buildConfigurationList = A66C559F1BA3305700361426 /* Build configuration list for PBXProject "AdvancedUIView" */;
			compatibilityVersion = "Xcode 3.2";
			developmentRegion = English;
			hasScannedForEncodings = 0;
			knownRegions = (
				en,
				Base,
			);
			mainGroup = A66C559B1BA3305700361426;
			productRefGroup = A66C55A51BA3305700361426 /* Products */;
			projectDirPath = "";
			projectRoot = "";
			targets = (
				A66C55A31BA3305700361426 /* AdvancedUIView */,
			);
		};
/* End PBXProject section */

/* Begin PBXResourcesBuildPhase section */
		A66C55A21BA3305700361426 /* Resources */ = {
			isa = PBXResourcesBuildPhase;
			buildActionMask = 2147483647;
			files = (
				A62670B21BA5BA3200ADD7C6 /* campFire16.gif in Resources */,
				A65BE7BD1BB59CDF00712556 /* sharazan.mp3 in Resources */,
				A62670AF1BA5BA3200ADD7C6 /* campFire13.gif in Resources */,
				A6ABF5041BB2ECDA0074342F /* jungle.jpg in Resources */,
				A6ABF4FF1BB2ECDA0074342F /* bird1.png in Resources */,
				A62670AE1BA5BA3200ADD7C6 /* campFire12.gif in Resources */,
				A62670A51BA5BA3200ADD7C6 /* campFire03.gif in Resources */,
				A62670A91BA5BA3200ADD7C6 /* campFire07.gif in Resources */,
				A6EB4D7D1BADC9AF00B5BCF4 /* reset_button.png in Resources */,
				A602EC3B1BB452D700D3E79D /* ship.png in Resources */,
				A62670A71BA5BA3200ADD7C6 /* campFire05.gif in Resources */,
				A6ABF4FE1BB2ECDA0074342F /* bird0.png in Resources */,
				A62670A61BA5BA3200ADD7C6 /* campFire04.gif in Resources */,
				A63478451BA716BA003E65F6 /* BasicView.xib in Resources */,
				A6ABF5031BB2ECDA0074342F /* bird5.png in Resources */,
				A62670B11BA5BA3200ADD7C6 /* campFire15.gif in Resources */,
				A62670AB1BA5BA3200ADD7C6 /* campFire09.gif in Resources */,
				A602EC3D1BB4548900D3E79D /* sailboat.png in Resources */,
				A602EC351BB443DC00D3E79D /* sea_02.jpg in Resources */,
				A66C55B81BA3305700361426 /* LaunchScreen.xib in Resources */,
				A6E7ABEB1BB837F1008A8EC3 /* brown.png in Resources */,
				A62670AC1BA5BA3200ADD7C6 /* campFire10.gif in Resources */,
				A6ABF5021BB2ECDA0074342F /* bird4.png in Resources */,
				A62670AA1BA5BA3200ADD7C6 /* campFire08.gif in Resources */,
				A6E7ABEC1BB837F1008A8EC3 /* green.png in Resources */,
				A62670A31BA5BA3200ADD7C6 /* campFire01.gif in Resources */,
				A602EC371BB443DC00D3E79D /* sea_04.jpg in Resources */,
				A66C55B51BA3305700361426 /* Images.xcassets in Resources */,
				A602EC341BB443DC00D3E79D /* sea_01.jpg in Resources */,
				A6E7ABED1BB837F1008A8EC3 /* red.png in Resources */,
				A62670AD1BA5BA3200ADD7C6 /* campFire11.gif in Resources */,
				A6E7ABEE1BB837F1008A8EC3 /* violet.png in Resources */,
				A62670A41BA5BA3200ADD7C6 /* campFire02.gif in Resources */,
				A62670B01BA5BA3200ADD7C6 /* campFire14.gif in Resources */,
				A6ABF5011BB2ECDA0074342F /* bird3.png in Resources */,
				A62670B31BA5BA3200ADD7C6 /* campFire17.gif in Resources */,
				A62670A81BA5BA3200ADD7C6 /* campFire06.gif in Resources */,
				A6ABF5001BB2ECDA0074342F /* bird2.png in Resources */,
				A602EC361BB443DC00D3E79D /* sea_03.jpg in Resources */,
			);
			runOnlyForDeploymentPostprocessing = 0;
		};
/* End PBXResourcesBuildPhase section */

/* Begin PBXSourcesBuildPhase section */
		A66C55A01BA3305700361426 /* Sources */ = {
			isa = PBXSourcesBuildPhase;
			buildActionMask = 2147483647;
			files = (
				A6E7ABE61BB837D6008A8EC3 /* StarField.m in Sources */,
				A62670811BA5B95F00ADD7C6 /* CampFire.m in Sources */,
				A66C55D71BA3321100361426 /* BootLogic.m in Sources */,
				A66C55DB1BA332B300361426 /* MainScreen.m in Sources */,
				A66C55D81BA3321100361426 /* ConsoleScreen.m in Sources */,
				A63478441BA716BA003E65F6 /* BasicView.m in Sources */,
				A6ABF4F51BB2ECB40074342F /* FlyingBird.m in Sources */,
				A66C55D61BA3321100361426 /* AppDelegate.m in Sources */,
				A66C55AA1BA3305700361426 /* main.m in Sources */,
				A6694FA61BAF01710020D960 /* NestedSquare.m in Sources */,
				A6F1817A1BB3C5FA007262F2 /* SwingShip.m in Sources */,
				A607E3E11BAB23FB006D64E8 /* ChessView.m in Sources */,
			);
			runOnlyForDeploymentPostprocessing = 0;
		};
/* End PBXSourcesBuildPhase section */

/* Begin PBXVariantGroup section */
		A66C55B61BA3305700361426 /* LaunchScreen.xib */ = {
			isa = PBXVariantGroup;
			children = (
				A66C55B71BA3305700361426 /* Base */,
			);
			name = LaunchScreen.xib;
			sourceTree = "<group>";
		};
/* End PBXVariantGroup section */

/* Begin XCBuildConfiguration section */
		A66C55C51BA3305700361426 /* Debug */ = {
			isa = XCBuildConfiguration;
			buildSettings = {
				ALWAYS_SEARCH_USER_PATHS = NO;
				CLANG_CXX_LANGUAGE_STANDARD = "gnu++0x";
				CLANG_CXX_LIBRARY = "libc++";
				CLANG_ENABLE_MODULES = YES;
				CLANG_ENABLE_OBJC_ARC = YES;
				CLANG_WARN_BOOL_CONVERSION = YES;
				CLANG_WARN_CONSTANT_CONVERSION = YES;
				CLANG_WARN_DIRECT_OBJC_ISA_USAGE = YES_ERROR;
				CLANG_WARN_EMPTY_BODY = YES;
				CLANG_WARN_ENUM_CONVERSION = YES;
				CLANG_WARN_INT_CONVERSION = YES;
				CLANG_WARN_OBJC_ROOT_CLASS = YES_ERROR;
				CLANG_WARN_UNREACHABLE_CODE = YES;
				CLANG_WARN__DUPLICATE_METHOD_MATCH = YES;
				"CODE_SIGN_IDENTITY[sdk=iphoneos*]" = "iPhone Developer";
				COPY_PHASE_STRIP = NO;
				DEBUG_INFORMATION_FORMAT = "dwarf-with-dsym";
				ENABLE_STRICT_OBJC_MSGSEND = YES;
				ENABLE_TESTABILITY = YES;
				GCC_C_LANGUAGE_STANDARD = gnu99;
				GCC_DYNAMIC_NO_PIC = NO;
				GCC_NO_COMMON_BLOCKS = YES;
				GCC_OPTIMIZATION_LEVEL = 0;
				GCC_PREPROCESSOR_DEFINITIONS = (
					"DEBUG=1",
					"$(inherited)",
				);
				GCC_SYMBOLS_PRIVATE_EXTERN = NO;
				GCC_WARN_64_TO_32_BIT_CONVERSION = YES;
				GCC_WARN_ABOUT_RETURN_TYPE = YES_ERROR;
				GCC_WARN_UNDECLARED_SELECTOR = YES;
				GCC_WARN_UNINITIALIZED_AUTOS = YES_AGGRESSIVE;
				GCC_WARN_UNUSED_FUNCTION = YES;
				GCC_WARN_UNUSED_VARIABLE = YES;
				IPHONEOS_DEPLOYMENT_TARGET = 8.4;
				MTL_ENABLE_DEBUG_INFO = YES;
				ONLY_ACTIVE_ARCH = YES;
				SDKROOT = iphoneos;
			};
			name = Debug;
		};
		A66C55C61BA3305700361426 /* Release */ = {
			isa = XCBuildConfiguration;
			buildSettings = {
				ALWAYS_SEARCH_USER_PATHS = NO;
				CLANG_CXX_LANGUAGE_STANDARD = "gnu++0x";
				CLANG_CXX_LIBRARY = "libc++";
				CLANG_ENABLE_MODULES = YES;
				CLANG_ENABLE_OBJC_ARC = YES;
				CLANG_WARN_BOOL_CONVERSION = YES;
				CLANG_WARN_CONSTANT_CONVERSION = YES;
				CLANG_WARN_DIRECT_OBJC_ISA_USAGE = YES_ERROR;
				CLANG_WARN_EMPTY_BODY = YES;
				CLANG_WARN_ENUM_CONVERSION = YES;
				CLANG_WARN_INT_CONVERSION = YES;
				CLANG_WARN_OBJC_ROOT_CLASS = YES_ERROR;
				CLANG_WARN_UNREACHABLE_CODE = YES;
				CLANG_WARN__DUPLICATE_METHOD_MATCH = YES;
				"CODE_SIGN_IDENTITY[sdk=iphoneos*]" = "iPhone Developer";
				COPY_PHASE_STRIP = NO;
				DEBUG_INFORMATION_FORMAT = "dwarf-with-dsym";
				ENABLE_NS_ASSERTIONS = NO;
				ENABLE_STRICT_OBJC_MSGSEND = YES;
				GCC_C_LANGUAGE_STANDARD = gnu99;
				GCC_NO_COMMON_BLOCKS = YES;
				GCC_WARN_64_TO_32_BIT_CONVERSION = YES;
				GCC_WARN_ABOUT_RETURN_TYPE = YES_ERROR;
				GCC_WARN_UNDECLARED_SELECTOR = YES;
				GCC_WARN_UNINITIALIZED_AUTOS = YES_AGGRESSIVE;
				GCC_WARN_UNUSED_FUNCTION = YES;
				GCC_WARN_UNUSED_VARIABLE = YES;
				IPHONEOS_DEPLOYMENT_TARGET = 8.4;
				MTL_ENABLE_DEBUG_INFO = NO;
				SDKROOT = iphoneos;
				VALIDATE_PRODUCT = YES;
			};
			name = Release;
		};
		A66C55C81BA3305700361426 /* Debug */ = {
			isa = XCBuildConfiguration;
			buildSettings = {
				ASSETCATALOG_COMPILER_APPICON_NAME = AppIcon;
				INFOPLIST_FILE = AdvancedUIView/Info.plist;
				LD_RUNPATH_SEARCH_PATHS = "$(inherited) @executable_path/Frameworks";
				PRODUCT_BUNDLE_IDENTIFIER = "vn.duphungcong.$(PRODUCT_NAME:rfc1034identifier)";
				PRODUCT_NAME = "$(TARGET_NAME)";
			};
			name = Debug;
		};
		A66C55C91BA3305700361426 /* Release */ = {
			isa = XCBuildConfiguration;
			buildSettings = {
				ASSETCATALOG_COMPILER_APPICON_NAME = AppIcon;
				INFOPLIST_FILE = AdvancedUIView/Info.plist;
				LD_RUNPATH_SEARCH_PATHS = "$(inherited) @executable_path/Frameworks";
				PRODUCT_BUNDLE_IDENTIFIER = "vn.duphungcong.$(PRODUCT_NAME:rfc1034identifier)";
				PRODUCT_NAME = "$(TARGET_NAME)";
			};
			name = Release;
		};
/* End XCBuildConfiguration section */

/* Begin XCConfigurationList section */
		A66C559F1BA3305700361426 /* Build configuration list for PBXProject "AdvancedUIView" */ = {
			isa = XCConfigurationList;
			buildConfigurations = (
				A66C55C51BA3305700361426 /* Debug */,
				A66C55C61BA3305700361426 /* Release */,
			);
			defaultConfigurationIsVisible = 0;
			defaultConfigurationName = Release;
		};
		A66C55C71BA3305700361426 /* Build configuration list for PBXNativeTarget "AdvancedUIView" */ = {
			isa = XCConfigurationList;
			buildConfigurations = (
				A66C55C81BA3305700361426 /* Debug */,
				A66C55C91BA3305700361426 /* Release */,
			);
			defaultConfigurationIsVisible = 0;
			defaultConfigurationName = Release;
		};
/* End XCConfigurationList section */
	};
	rootObject = A66C559C1BA3305700361426 /* Project object */;
}
